
Microsoft Visual Studio Solution File, Format Version 12.00
# Visual Studio Version 17
VisualStudioVersion = 17.11.35208.52
MinimumVisualStudioVersion = 10.0.40219.1
Project("{FAE04EC0-301F-11D3-BF4B-00C04F79EFBC}") = "MagicVilla_API", "MagicVilla_API\MagicVilla_API.csproj", "{2AEBF6AE-4D33-47D0-951F-447F051FDC29}"
EndProject
Global
	GlobalSection(SolutionConfigurationPlatforms) = preSolution
		Debug|Any CPU = Debug|Any CPU
		Release|Any CPU = Release|Any CPU
	EndGlobalSection
	GlobalSection(ProjectConfigurationPlatforms) = postSolution
		{2AEBF6AE-4D33-47D0-951F-447F051FDC29}.Debug|Any CPU.ActiveCfg = Debug|Any CPU
		{2AEBF6AE-4D33-47D0-951F-447F051FDC29}.Debug|Any CPU.Build.0 = Debug|Any CPU
		{2AEBF6AE-4D33-47D0-951F-447F051FDC29}.Release|Any CPU.ActiveCfg = Release|Any CPU
		{2AEBF6AE-4D33-47D0-951F-447F051FDC29}.Release|Any CPU.Build.0 = Release|Any CPU
	EndGlobalSection
	GlobalSection(SolutionProperties) = preSolution
		HideSolutionNode = FALSE
	EndGlobalSection
	GlobalSection(ExtensibilityGlobals) = postSolution
		SolutionGuid = {6D6AF1A9-CC91-4A07-8EA8-728238C2A8EE}
	EndGlobalSection
EndGlobal
